
Microsoft Visual Studio Solution File, Format Version 12.00
# Visual Studio Version 16
VisualStudioVersion = 16.0.30907.101
MinimumVisualStudioVersion = 10.0.40219.1
Project("{FAE04EC0-301F-11D3-BF4B-00C04F79EFBC}") = "FundSearcher", "FundSearcher\FundSearcher.csproj", "{3E1E233F-AD63-486C-B88B-E08A899E1EFD}"
EndProject
Project("{FAE04EC0-301F-11D3-BF4B-00C04F79EFBC}") = "Crawler.SimpleCrawler", "Crawler.SimpleCrawler\Crawler.SimpleCrawler.csproj", "{F78B4DD9-CDCF-4999-991C-F614C6447097}"
EndProject
Project("{FAE04EC0-301F-11D3-BF4B-00C04F79EFBC}") = "Crawler.DataHandler", "Crawler.DataHandler\Crawler.DataHandler.csproj", "{0E2C9E35-9B43-409D-8182-B275CE6F87BC}"
EndProject
Global
	GlobalSection(SolutionConfigurationPlatforms) = preSolution
		Debug|Any CPU = Debug|Any CPU
		Release|Any CPU = Release|Any CPU
	EndGlobalSection
	GlobalSection(ProjectConfigurationPlatforms) = postSolution
		{3E1E233F-AD63-486C-B88B-E08A899E1EFD}.Debug|Any CPU.ActiveCfg = Debug|Any CPU
		{3E1E233F-AD63-486C-B88B-E08A899E1EFD}.Debug|Any CPU.Build.0 = Debug|Any CPU
		{3E1E233F-AD63-486C-B88B-E08A899E1EFD}.Release|Any CPU.ActiveCfg = Release|Any CPU
		{3E1E233F-AD63-486C-B88B-E08A899E1EFD}.Release|Any CPU.Build.0 = Release|Any CPU
		{F78B4DD9-CDCF-4999-991C-F614C6447097}.Debug|Any CPU.ActiveCfg = Debug|Any CPU
		{F78B4DD9-CDCF-4999-991C-F614C6447097}.Debug|Any CPU.Build.0 = Debug|Any CPU
		{F78B4DD9-CDCF-4999-991C-F614C6447097}.Release|Any CPU.ActiveCfg = Release|Any CPU
		{F78B4DD9-CDCF-4999-991C-F614C6447097}.Release|Any CPU.Build.0 = Release|Any CPU
		{0E2C9E35-9B43-409D-8182-B275CE6F87BC}.Debug|Any CPU.ActiveCfg = Debug|Any CPU
		{0E2C9E35-9B43-409D-8182-B275CE6F87BC}.Debug|Any CPU.Build.0 = Debug|Any CPU
		{0E2C9E35-9B43-409D-8182-B275CE6F87BC}.Release|Any CPU.ActiveCfg = Release|Any CPU
		{0E2C9E35-9B43-409D-8182-B275CE6F87BC}.Release|Any CPU.Build.0 = Release|Any CPU
	EndGlobalSection
	GlobalSection(SolutionProperties) = preSolution
		HideSolutionNode = FALSE
	EndGlobalSection
	GlobalSection(ExtensibilityGlobals) = postSolution
		SolutionGuid = {539E6DAF-C3C5-4E53-881C-33E2413221EC}
	EndGlobalSection
EndGlobal
